
Microsoft Visual Studio Solution File, Format Version 12.00
# Visual Studio 15
VisualStudioVersion = 15.0.28307.757
MinimumVisualStudioVersion = 10.0.40219.1
Project("{FAE04EC0-301F-11D3-BF4B-00C04F79EFBC}") = "DevSkill169Gold", "DevSkill169Gold\DevSkill169Gold.csproj", "{A2FB1A3B-9E47-4463-8CA4-C5AB89F89BD4}"
EndProject
Global
	GlobalSection(SolutionConfigurationPlatforms) = preSolution
		Debug|Any CPU = Debug|Any CPU
		Release|Any CPU = Release|Any CPU
	EndGlobalSection
	GlobalSection(ProjectConfigurationPlatforms) = postSolution
		{A2FB1A3B-9E47-4463-8CA4-C5AB89F89BD4}.Debug|Any CPU.ActiveCfg = Debug|Any CPU
		{A2FB1A3B-9E47-4463-8CA4-C5AB89F89BD4}.Debug|Any CPU.Build.0 = Debug|Any CPU
		{A2FB1A3B-9E47-4463-8CA4-C5AB89F89BD4}.Release|Any CPU.ActiveCfg = Release|Any CPU
		{A2FB1A3B-9E47-4463-8CA4-C5AB89F89BD4}.Release|Any CPU.Build.0 = Release|Any CPU
	EndGlobalSection
	GlobalSection(SolutionProperties) = preSolution
		HideSolutionNode = FALSE
	EndGlobalSection
	GlobalSection(ExtensibilityGlobals) = postSolution
		SolutionGuid = {C88F58C1-BF3A-4D50-A3AF-8BA97185CAC4}
	EndGlobalSection
EndGlobal
